
Microsoft Visual Studio Solution File, Format Version 12.00
Project("{FAE04EC0-301F-11D3-BF4B-00C04F79EFBC}") = "Clase11", "Clase11\Clase11.csproj", "{CFDB2D2E-07E1-4B9E-AB9A-DF47212B4CF2}"
EndProject
Global
	GlobalSection(SolutionConfigurationPlatforms) = preSolution
		Debug|Any CPU = Debug|Any CPU
		Release|Any CPU = Release|Any CPU
	EndGlobalSection
	GlobalSection(ProjectConfigurationPlatforms) = postSolution
		{CFDB2D2E-07E1-4B9E-AB9A-DF47212B4CF2}.Debug|Any CPU.ActiveCfg = Debug|Any CPU
		{CFDB2D2E-07E1-4B9E-AB9A-DF47212B4CF2}.Debug|Any CPU.Build.0 = Debug|Any CPU
		{CFDB2D2E-07E1-4B9E-AB9A-DF47212B4CF2}.Release|Any CPU.ActiveCfg = Release|Any CPU
		{CFDB2D2E-07E1-4B9E-AB9A-DF47212B4CF2}.Release|Any CPU.Build.0 = Release|Any CPU
	EndGlobalSection
EndGlobal
