
Microsoft Visual Studio Solution File, Format Version 12.00
Project("{FAE04EC0-301F-11D3-BF4B-00C04F79EFBC}") = "Clase09", "Clase09.csproj", "{8A1AB8CE-48EE-4650-846A-A734C708C640}"
EndProject
Global
	GlobalSection(SolutionConfigurationPlatforms) = preSolution
		Debug|Any CPU = Debug|Any CPU
		Release|Any CPU = Release|Any CPU
	EndGlobalSection
	GlobalSection(ProjectConfigurationPlatforms) = postSolution
		{8A1AB8CE-48EE-4650-846A-A734C708C640}.Debug|Any CPU.ActiveCfg = Debug|Any CPU
		{8A1AB8CE-48EE-4650-846A-A734C708C640}.Debug|Any CPU.Build.0 = Debug|Any CPU
		{8A1AB8CE-48EE-4650-846A-A734C708C640}.Release|Any CPU.ActiveCfg = Release|Any CPU
		{8A1AB8CE-48EE-4650-846A-A734C708C640}.Release|Any CPU.Build.0 = Release|Any CPU
	EndGlobalSection
EndGlobal
