
Microsoft Visual Studio Solution File, Format Version 12.00
Project("{FAE04EC0-301F-11D3-BF4B-00C04F79EFBC}") = "ejercicio-clase08", "ejercicio-clase08\ejercicio-clase08.csproj", "{86D74850-40BA-4A47-8822-99ABD22E74C0}"
EndProject
Global
	GlobalSection(SolutionConfigurationPlatforms) = preSolution
		Debug|Any CPU = Debug|Any CPU
		Release|Any CPU = Release|Any CPU
	EndGlobalSection
	GlobalSection(ProjectConfigurationPlatforms) = postSolution
		{86D74850-40BA-4A47-8822-99ABD22E74C0}.Debug|Any CPU.ActiveCfg = Debug|Any CPU
		{86D74850-40BA-4A47-8822-99ABD22E74C0}.Debug|Any CPU.Build.0 = Debug|Any CPU
		{86D74850-40BA-4A47-8822-99ABD22E74C0}.Release|Any CPU.ActiveCfg = Release|Any CPU
		{86D74850-40BA-4A47-8822-99ABD22E74C0}.Release|Any CPU.Build.0 = Release|Any CPU
	EndGlobalSection
EndGlobal
