
Microsoft Visual Studio Solution File, Format Version 12.00
Project("{FAE04EC0-301F-11D3-BF4B-00C04F79EFBC}") = "Clase 14 Herencia", "Clase 14 Herencia\Clase 14 Herencia.csproj", "{7F3DE9F1-9BA9-4C33-84E2-943D65FA9603}"
EndProject
Global
	GlobalSection(SolutionConfigurationPlatforms) = preSolution
		Debug|Any CPU = Debug|Any CPU
		Release|Any CPU = Release|Any CPU
	EndGlobalSection
	GlobalSection(ProjectConfigurationPlatforms) = postSolution
		{7F3DE9F1-9BA9-4C33-84E2-943D65FA9603}.Debug|Any CPU.ActiveCfg = Debug|Any CPU
		{7F3DE9F1-9BA9-4C33-84E2-943D65FA9603}.Debug|Any CPU.Build.0 = Debug|Any CPU
		{7F3DE9F1-9BA9-4C33-84E2-943D65FA9603}.Release|Any CPU.ActiveCfg = Release|Any CPU
		{7F3DE9F1-9BA9-4C33-84E2-943D65FA9603}.Release|Any CPU.Build.0 = Release|Any CPU
	EndGlobalSection
EndGlobal
